
Microsoft Visual Studio Solution File, Format Version 11.00
# Visual Studio 2010
Project("{8BC9CEB8-8B4A-11D0-8D11-00A0C91BC942}") = "Demo1", "Demo1\Demo1.vcxproj", "{BB68B4E0-9E70-459D-BA88-692793C8317B}"
EndProject
Project("{8BC9CEB8-8B4A-11D0-8D11-00A0C91BC942}") = "Demo2", "Demo2\Demo2.vcxproj", "{55FA3E19-640D-4FF2-9C25-018E17DD5976}"
EndProject
Project("{8BC9CEB8-8B4A-11D0-8D11-00A0C91BC942}") = "Demo3", "Demo3\Demo3.vcxproj", "{1573C085-B82C-49FF-B817-ADBD290A04BD}"
EndProject
Project("{8BC9CEB8-8B4A-11D0-8D11-00A0C91BC942}") = "Demo4", "Demo4\Demo4.vcxproj", "{461414E5-754D-49D1-AAB8-86FE209BDD7D}"
EndProject
Project("{8BC9CEB8-8B4A-11D0-8D11-00A0C91BC942}") = "Demo5", "Demo5\Demo5.vcxproj", "{EEDEA9AA-27D7-493F-AEAF-20439015095F}"
EndProject
Project("{8BC9CEB8-8B4A-11D0-8D11-00A0C91BC942}") = "BulletDemo1", "BulletDemo1\BulletDemo1.vcxproj", "{CCEF0AF4-DCBC-49C3-A113-7EA5D1ADA8A0}"
EndProject
Global
	GlobalSection(SolutionConfigurationPlatforms) = preSolution
		Debug|Win32 = Debug|Win32
		Release|Win32 = Release|Win32
	EndGlobalSection
	GlobalSection(ProjectConfigurationPlatforms) = postSolution
		{BB68B4E0-9E70-459D-BA88-692793C8317B}.Debug|Win32.ActiveCfg = Debug|Win32
		{BB68B4E0-9E70-459D-BA88-692793C8317B}.Debug|Win32.Build.0 = Debug|Win32
		{BB68B4E0-9E70-459D-BA88-692793C8317B}.Release|Win32.ActiveCfg = Release|Win32
		{BB68B4E0-9E70-459D-BA88-692793C8317B}.Release|Win32.Build.0 = Release|Win32
		{55FA3E19-640D-4FF2-9C25-018E17DD5976}.Debug|Win32.ActiveCfg = Debug|Win32
		{55FA3E19-640D-4FF2-9C25-018E17DD5976}.Debug|Win32.Build.0 = Debug|Win32
		{55FA3E19-640D-4FF2-9C25-018E17DD5976}.Release|Win32.ActiveCfg = Release|Win32
		{55FA3E19-640D-4FF2-9C25-018E17DD5976}.Release|Win32.Build.0 = Release|Win32
		{1573C085-B82C-49FF-B817-ADBD290A04BD}.Debug|Win32.ActiveCfg = Debug|Win32
		{1573C085-B82C-49FF-B817-ADBD290A04BD}.Debug|Win32.Build.0 = Debug|Win32
		{1573C085-B82C-49FF-B817-ADBD290A04BD}.Release|Win32.ActiveCfg = Release|Win32
		{1573C085-B82C-49FF-B817-ADBD290A04BD}.Release|Win32.Build.0 = Release|Win32
		{461414E5-754D-49D1-AAB8-86FE209BDD7D}.Debug|Win32.ActiveCfg = Debug|Win32
		{461414E5-754D-49D1-AAB8-86FE209BDD7D}.Debug|Win32.Build.0 = Debug|Win32
		{461414E5-754D-49D1-AAB8-86FE209BDD7D}.Release|Win32.ActiveCfg = Release|Win32
		{461414E5-754D-49D1-AAB8-86FE209BDD7D}.Release|Win32.Build.0 = Release|Win32
		{EEDEA9AA-27D7-493F-AEAF-20439015095F}.Debug|Win32.ActiveCfg = Debug|Win32
		{EEDEA9AA-27D7-493F-AEAF-20439015095F}.Debug|Win32.Build.0 = Debug|Win32
		{EEDEA9AA-27D7-493F-AEAF-20439015095F}.Release|Win32.ActiveCfg = Release|Win32
		{EEDEA9AA-27D7-493F-AEAF-20439015095F}.Release|Win32.Build.0 = Release|Win32
		{CCEF0AF4-DCBC-49C3-A113-7EA5D1ADA8A0}.Debug|Win32.ActiveCfg = Debug|Win32
		{CCEF0AF4-DCBC-49C3-A113-7EA5D1ADA8A0}.Debug|Win32.Build.0 = Debug|Win32
		{CCEF0AF4-DCBC-49C3-A113-7EA5D1ADA8A0}.Release|Win32.ActiveCfg = Release|Win32
		{CCEF0AF4-DCBC-49C3-A113-7EA5D1ADA8A0}.Release|Win32.Build.0 = Release|Win32
	EndGlobalSection
	GlobalSection(SolutionProperties) = preSolution
		HideSolutionNode = FALSE
	EndGlobalSection
EndGlobal
